
Microsoft Visual Studio Solution File, Format Version 12.00
# Visual Studio Version 17
VisualStudioVersion = 17.4.33103.184
MinimumVisualStudioVersion = 10.0.40219.1
Project("{9A19103F-16F7-4668-BE54-9A1E7A4F7556}") = "StonksBot", "Bot.WebHook\StonksBot.csproj", "{37268F8D-B34F-42D0-8290-DFAE5DC467C8}"
EndProject
Project("{FAE04EC0-301F-11D3-BF4B-00C04F79EFBC}") = "StonksBot.Tests", "StonksBot.Tests\StonksBot.Tests.csproj", "{097BB39C-FF3A-470D-A707-A638B25F9D00}"
EndProject
Global
	GlobalSection(SolutionConfigurationPlatforms) = preSolution
		Debug|Any CPU = Debug|Any CPU
		Release|Any CPU = Release|Any CPU
	EndGlobalSection
	GlobalSection(ProjectConfigurationPlatforms) = postSolution
		{37268F8D-B34F-42D0-8290-DFAE5DC467C8}.Debug|Any CPU.ActiveCfg = Debug|Any CPU
		{37268F8D-B34F-42D0-8290-DFAE5DC467C8}.Debug|Any CPU.Build.0 = Debug|Any CPU
		{37268F8D-B34F-42D0-8290-DFAE5DC467C8}.Release|Any CPU.ActiveCfg = Release|Any CPU
		{37268F8D-B34F-42D0-8290-DFAE5DC467C8}.Release|Any CPU.Build.0 = Release|Any CPU
		{097BB39C-FF3A-470D-A707-A638B25F9D00}.Debug|Any CPU.ActiveCfg = Debug|Any CPU
		{097BB39C-FF3A-470D-A707-A638B25F9D00}.Debug|Any CPU.Build.0 = Debug|Any CPU
		{097BB39C-FF3A-470D-A707-A638B25F9D00}.Release|Any CPU.ActiveCfg = Release|Any CPU
		{097BB39C-FF3A-470D-A707-A638B25F9D00}.Release|Any CPU.Build.0 = Release|Any CPU
	EndGlobalSection
	GlobalSection(SolutionProperties) = preSolution
		HideSolutionNode = FALSE
	EndGlobalSection
	GlobalSection(ExtensibilityGlobals) = postSolution
		SolutionGuid = {BCAF0FB9-EDF7-4118-A9AA-EE13C5A37B2A}
	EndGlobalSection
EndGlobal
